{
  "name": "worker",
  "version": "1.0.0",
  "lockfileVersion": 1,
  "requires": true,
  "dependencies": {
    "@types/simple-icons": {
      "version": "2.5.0",
      "resolved": "https://registry.npmjs.org/@types/simple-icons/-/simple-icons-2.5.0.tgz",
      "integrity": "sha512-cHQ145criWruZJaYFt76WcarU+jICOHzyLma/VtC2mISrJnlXMYTcfH2hER5ecUSPf90/qxKYYOsIkAXlQhoHQ=="
    },
    "prettier": {
      "version": "1.19.1",
      "resolved": "https://registry.npmjs.org/prettier/-/prettier-1.19.1.tgz",
      "integrity": "sha512-s7PoyDv/II1ObgQunCbB9PdLmUcBZcnWOcxDh7O0N/UwDEsHyqkW+Qh28jW+mVuCdx7gLB0BotYI1Y6uI9iyew==",
      "dev": true
    },
    "simple-icons": {
      "version": "3.11.0",
      "resolved": "https://registry.npmjs.org/simple-icons/-/simple-icons-3.11.0.tgz",
      "integrity": "sha512-tu1XkfZheYD14fvUiYFDugKMGXjoDhsXgTwniqky9e4v3PRfmoLg4phFjfdb+filI5LdcXzmUz/IKONdlhNXrQ=="
    }
  }
}
